{
    "symfony/phpunit-bridge": {
        "version": "4.3",
        "recipe": {
            "repo": "github.com/symfony/recipes",
            "branch": "master",
            "version": "4.3",
            "ref": "04ecbfb3121b7418265aee7b1b2151959ba430b9"
        },
        "files": [
            "./.env.test",
            "./bin/phpunit",
            "./config/bootstrap.php",
            "./phpunit.xml.dist",
            "./tests/.gitignore"
        ]
    }
}
